
Microsoft Visual Studio Solution File, Format Version 12.00
# Visual Studio Version 17
VisualStudioVersion = 17.11.35118.90
MinimumVisualStudioVersion = 10.0.40219.1
Project("{FAE04EC0-301F-11D3-BF4B-00C04F79EFBC}") = "TransformerLib", "TransformerLib\TransformerLib.csproj", "{F85B238F-A085-4176-8793-4461A1F46BFC}"
EndProject
Project("{FAE04EC0-301F-11D3-BF4B-00C04F79EFBC}") = "TransformerSample", "TransformerSample\TransformerSample.csproj", "{EF83547B-03FE-4F4F-8C19-061086559BA2}"
EndProject
Global
	GlobalSection(SolutionConfigurationPlatforms) = preSolution
		Debug|Any CPU = Debug|Any CPU
		Release|Any CPU = Release|Any CPU
	EndGlobalSection
	GlobalSection(ProjectConfigurationPlatforms) = postSolution
		{F85B238F-A085-4176-8793-4461A1F46BFC}.Debug|Any CPU.ActiveCfg = Debug|Any CPU
		{F85B238F-A085-4176-8793-4461A1F46BFC}.Debug|Any CPU.Build.0 = Debug|Any CPU
		{F85B238F-A085-4176-8793-4461A1F46BFC}.Release|Any CPU.ActiveCfg = Release|Any CPU
		{F85B238F-A085-4176-8793-4461A1F46BFC}.Release|Any CPU.Build.0 = Release|Any CPU
		{EF83547B-03FE-4F4F-8C19-061086559BA2}.Debug|Any CPU.ActiveCfg = Debug|Any CPU
		{EF83547B-03FE-4F4F-8C19-061086559BA2}.Debug|Any CPU.Build.0 = Debug|Any CPU
		{EF83547B-03FE-4F4F-8C19-061086559BA2}.Release|Any CPU.ActiveCfg = Release|Any CPU
		{EF83547B-03FE-4F4F-8C19-061086559BA2}.Release|Any CPU.Build.0 = Release|Any CPU
	EndGlobalSection
	GlobalSection(SolutionProperties) = preSolution
		HideSolutionNode = FALSE
	EndGlobalSection
	GlobalSection(ExtensibilityGlobals) = postSolution
		SolutionGuid = {F692029D-288F-4F66-AD64-902F154EB108}
	EndGlobalSection
EndGlobal
